// !$*UTF8*$!
{
	archiveVersion = 1;
	classes = {
	};
	objectVersion = 56;
	objects = {

/* Begin PBXBuildFile section */
		F14CA4AF2A395CAA00F5CFB1 /* SwiftDataSampleApp.swift in Sources */ = {isa = PBXBuildFile; fileRef = F14CA4AE2A395CAA00F5CFB1 /* SwiftDataSampleApp.swift */; };
		F14CA4B12A395CAA00F5CFB1 /* ContentView.swift in Sources */ = {isa = PBXBuildFile; fileRef = F14CA4B02A395CAA00F5CFB1 /* ContentView.swift */; };
		F14CA4B32A395CAB00F5CFB1 /* Assets.xcassets in Resources */ = {isa = PBXBuildFile; fileRef = F14CA4B22A395CAB00F5CFB1 /* Assets.xcassets */; };
		F14CA4B62A395CAB00F5CFB1 /* Preview Assets.xcassets in Resources */ = {isa = PBXBuildFile; fileRef = F14CA4B52A395CAB00F5CFB1 /* Preview Assets.xcassets */; };
		F1997C522A3964BA006B7397 /* EditTaskView.swift in Sources */ = {isa = PBXBuildFile; fileRef = F1997C512A3964BA006B7397 /* EditTaskView.swift */; };
		F1E044F12A396C6800C33516 /* Task.swift in Sources */ = {isa = PBXBuildFile; fileRef = F1E044F02A396C6800C33516 /* Task.swift */; };
		F1E044F52A3983AB00C33516 /* AddTaskView.swift in Sources */ = {isa = PBXBuildFile; fileRef = F1E044F42A3983AB00C33516 /* AddTaskView.swift */; };
/* End PBXBuildFile section */

/* Begin PBXFileReference section */
		F14CA4AB2A395CAA00F5CFB1 /* SwiftDataSample.app */ = {isa = PBXFileReference; explicitFileType = wrapper.application; includeInIndex = 0; path = SwiftDataSample.app; sourceTree = BUILT_PRODUCTS_DIR; };
		F14CA4AE2A395CAA00F5CFB1 /* SwiftDataSampleApp.swift */ = {isa = PBXFileReference; lastKnownFileType = sourcecode.swift; path = SwiftDataSampleApp.swift; sourceTree = "<group>"; };
		F14CA4B02A395CAA00F5CFB1 /* ContentView.swift */ = {isa = PBXFileReference; lastKnownFileType = sourcecode.swift; path = ContentView.swift; sourceTree = "<group>"; };
		F14CA4B22A395CAB00F5CFB1 /* Assets.xcassets */ = {isa = PBXFileReference; lastKnownFileType = folder.assetcatalog; path = Assets.xcassets; sourceTree = "<group>"; };
		F14CA4B52A395CAB00F5CFB1 /* Preview Assets.xcassets */ = {isa = PBXFileReference; lastKnownFileType = folder.assetcatalog; path = "Preview Assets.xcassets"; sourceTree = "<group>"; };
		F1997C512A3964BA006B7397 /* EditTaskView.swift */ = {isa = PBXFileReference; lastKnownFileType = sourcecode.swift; path = EditTaskView.swift; sourceTree = "<group>"; };
		F1E044F02A396C6800C33516 /* Task.swift */ = {isa = PBXFileReference; lastKnownFileType = sourcecode.swift; path = Task.swift; sourceTree = "<group>"; };
		F1E044F42A3983AB00C33516 /* AddTaskView.swift */ = {isa = PBXFileReference; lastKnownFileType = sourcecode.swift; path = AddTaskView.swift; sourceTree = "<group>"; };
/* End PBXFileReference section */

/* Begin PBXFrameworksBuildPhase section */
		F14CA4A82A395CAA00F5CFB1 /* Frameworks */ = {
			isa = PBXFrameworksBuildPhase;
			buildActionMask = 2147483647;
			files = (
			);
			runOnlyForDeploymentPostprocessing = 0;
		};
/* End PBXFrameworksBuildPhase section */

/* Begin PBXGroup section */
		F14CA4A22A395CAA00F5CFB1 = {
			isa = PBXGroup;
			children = (
				F14CA4AD2A395CAA00F5CFB1 /* SwiftDataSample */,
				F14CA4AC2A395CAA00F5CFB1 /* Products */,
			);
			sourceTree = "<group>";
		};
		F14CA4AC2A395CAA00F5CFB1 /* Products */ = {
			isa = PBXGroup;
			children = (
				F14CA4AB2A395CAA00F5CFB1 /* SwiftDataSample.app */,
			);
			name = Products;
			sourceTree = "<group>";
		};
		F14CA4AD2A395CAA00F5CFB1 /* SwiftDataSample */ = {
			isa = PBXGroup;
			children = (
				F14CA4AE2A395CAA00F5CFB1 /* SwiftDataSampleApp.swift */,
				F14CA4B02A395CAA00F5CFB1 /* ContentView.swift */,
				F1E044F42A3983AB00C33516 /* AddTaskView.swift */,
				F1997C512A3964BA006B7397 /* EditTaskView.swift */,
				F1E044F02A396C6800C33516 /* Task.swift */,
				F14CA4B22A395CAB00F5CFB1 /* Assets.xcassets */,
				F14CA4B42A395CAB00F5CFB1 /* Preview Content */,
			);
			path = SwiftDataSample;
			sourceTree = "<group>";
		};
		F14CA4B42A395CAB00F5CFB1 /* Preview Content */ = {
			isa = PBXGroup;
			children = (
				F14CA4B52A395CAB00F5CFB1 /* Preview Assets.xcassets */,
			);
			path = "Preview Content";
			sourceTree = "<group>";
		};
/* End PBXGroup section */

/* Begin PBXNativeTarget section */
		F14CA4AA2A395CAA00F5CFB1 /* SwiftDataSample */ = {
			isa = PBXNativeTarget;
			buildConfigurationList = F14CA4B92A395CAB00F5CFB1 /* Build configuration list for PBXNativeTarget "SwiftDataSample" */;
			buildPhases = (
				F14CA4A72A395CAA00F5CFB1 /* Sources */,
				F14CA4A82A395CAA00F5CFB1 /* Frameworks */,
				F14CA4A92A395CAA00F5CFB1 /* Resources */,
			);
			buildRules = (
			);
			dependencies = (
			);
			name = SwiftDataSample;
			productName = SwiftDataSample;
			productReference = F14CA4AB2A395CAA00F5CFB1 /* SwiftDataSample.app */;
			productType = "com.apple.product-type.application";
		};
/* End PBXNativeTarget section */

/* Begin PBXProject section */
		F14CA4A32A395CAA00F5CFB1 /* Project object */ = {
			isa = PBXProject;
			attributes = {
				BuildIndependentTargetsInParallel = 1;
				LastSwiftUpdateCheck = 1500;
				LastUpgradeCheck = 1500;
				TargetAttributes = {
					F14CA4AA2A395CAA00F5CFB1 = {
						CreatedOnToolsVersion = 15.0;
					};
				};
			};
			buildConfigurationList = F14CA4A62A395CAA00F5CFB1 /* Build configuration list for PBXProject "SwiftDataSample" */;
			compatibilityVersion = "Xcode 14.0";
			developmentRegion = en;
			hasScannedForEncodings = 0;
			knownRegions = (
				en,
				Base,
			);
			mainGroup = F14CA4A22A395CAA00F5CFB1;
			productRefGroup = F14CA4AC2A395CAA00F5CFB1 /* Products */;
			projectDirPath = "";
			projectRoot = "";
			targets = (
				F14CA4AA2A395CAA00F5CFB1 /* SwiftDataSample */,
			);
		};
/* End PBXProject section */

/* Begin PBXResourcesBuildPhase section */
		F14CA4A92A395CAA00F5CFB1 /* Resources */ = {
			isa = PBXResourcesBuildPhase;
			buildActionMask = 2147483647;
			files = (
				F14CA4B62A395CAB00F5CFB1 /* Preview Assets.xcassets in Resources */,
				F14CA4B32A395CAB00F5CFB1 /* Assets.xcassets in Resources */,
			);
			runOnlyForDeploymentPostprocessing = 0;
		};
/* End PBXResourcesBuildPhase section */

/* Begin PBXSourcesBuildPhase section */
		F14CA4A72A395CAA00F5CFB1 /* Sources */ = {
			isa = PBXSourcesBuildPhase;
			buildActionMask = 2147483647;
			files = (
				F14CA4B12A395CAA00F5CFB1 /* ContentView.swift in Sources */,
				F1E044F52A3983AB00C33516 /* AddTaskView.swift in Sources */,
				F1997C522A3964BA006B7397 /* EditTaskView.swift in Sources */,
				F14CA4AF2A395CAA00F5CFB1 /* SwiftDataSampleApp.swift in Sources */,
				F1E044F12A396C6800C33516 /* Task.swift in Sources */,
			);
			runOnlyForDeploymentPostprocessing = 0;
		};
/* End PBXSourcesBuildPhase section */

/* Begin XCBuildConfiguration section */
		F14CA4B72A395CAB00F5CFB1 /* Debug */ = {
			isa = XCBuildConfiguration;
			buildSettings = {
				ALWAYS_SEARCH_USER_PATHS = NO;
				ASSETCATALOG_COMPILER_GENERATE_SWIFT_ASSET_SYMBOL_EXTENSIONS = YES;
				CLANG_ANALYZER_NONNULL = YES;
				CLANG_ANALYZER_NUMBER_OBJECT_CONVERSION = YES_AGGRESSIVE;
				CLANG_CXX_LANGUAGE_STANDARD = "gnu++20";
				CLANG_ENABLE_MODULES = YES;
				CLANG_ENABLE_OBJC_ARC = YES;
				CLANG_ENABLE_OBJC_WEAK = YES;
				CLANG_WARN_BLOCK_CAPTURE_AUTORELEASING = YES;
				CLANG_WARN_BOOL_CONVERSION = YES;
				CLANG_WARN_COMMA = YES;
				CLANG_WARN_CONSTANT_CONVERSION = YES;
				CLANG_WARN_DEPRECATED_OBJC_IMPLEMENTATIONS = YES;
				CLANG_WARN_DIRECT_OBJC_ISA_USAGE = YES_ERROR;
				CLANG_WARN_DOCUMENTATION_COMMENTS = YES;
				CLANG_WARN_EMPTY_BODY = YES;
				CLANG_WARN_ENUM_CONVERSION = YES;
				CLANG_WARN_INFINITE_RECURSION = YES;
				CLANG_WARN_INT_CONVERSION = YES;
				CLANG_WARN_NON_LITERAL_NULL_CONVERSION = YES;
				CLANG_WARN_OBJC_IMPLICIT_RETAIN_SELF = YES;
				CLANG_WARN_OBJC_LITERAL_CONVERSION = YES;
				CLANG_WARN_OBJC_ROOT_CLASS = YES_ERROR;
				CLANG_WARN_QUOTED_INCLUDE_IN_FRAMEWORK_HEADER = YES;
				CLANG_WARN_RANGE_LOOP_ANALYSIS = YES;
				CLANG_WARN_STRICT_PROTOTYPES = YES;
				CLANG_WARN_SUSPICIOUS_MOVE = YES;
				CLANG_WARN_UNGUARDED_AVAILABILITY = YES_AGGRESSIVE;
				CLANG_WARN_UNREACHABLE_CODE = YES;
				CLANG_WARN__DUPLICATE_METHOD_MATCH = YES;
				COPY_PHASE_STRIP = NO;
				DEBUG_INFORMATION_FORMAT = dwarf;
				ENABLE_STRICT_OBJC_MSGSEND = YES;
				ENABLE_TESTABILITY = YES;
				ENABLE_USER_SCRIPT_SANDBOXING = YES;
				GCC_C_LANGUAGE_STANDARD = gnu17;
				GCC_DYNAMIC_NO_PIC = NO;
				GCC_NO_COMMON_BLOCKS = YES;
				GCC_OPTIMIZATION_LEVEL = 0;
				GCC_PREPROCESSOR_DEFINITIONS = (
					"DEBUG=1",
					"$(inherited)",
				);
				GCC_WARN_64_TO_32_BIT_CONVERSION = YES;
				GCC_WARN_ABOUT_RETURN_TYPE = YES_ERROR;
				GCC_WARN_UNDECLARED_SELECTOR = YES;
				GCC_WARN_UNINITIALIZED_AUTOS = YES_AGGRESSIVE;
				GCC_WARN_UNUSED_FUNCTION = YES;
				GCC_WARN_UNUSED_VARIABLE = YES;
				IPHONEOS_DEPLOYMENT_TARGET = 17.0;
				LOCALIZATION_PREFERS_STRING_CATALOGS = YES;
				MTL_ENABLE_DEBUG_INFO = INCLUDE_SOURCE;
				MTL_FAST_MATH = YES;
				ONLY_ACTIVE_ARCH = YES;
				SDKROOT = iphoneos;
				SWIFT_ACTIVE_COMPILATION_CONDITIONS = "DEBUG $(inherited)";
				SWIFT_OPTIMIZATION_LEVEL = "-Onone";
			};
			name = Debug;
		};
		F14CA4B82A395CAB00F5CFB1 /* Release */ = {
			isa = XCBuildConfiguration;
			buildSettings = {
				ALWAYS_SEARCH_USER_PATHS = NO;
				ASSETCATALOG_COMPILER_GENERATE_SWIFT_ASSET_SYMBOL_EXTENSIONS = YES;
				CLANG_ANALYZER_NONNULL = YES;
				CLANG_ANALYZER_NUMBER_OBJECT_CONVERSION = YES_AGGRESSIVE;
				CLANG_CXX_LANGUAGE_STANDARD = "gnu++20";
				CLANG_ENABLE_MODULES = YES;
				CLANG_ENABLE_OBJC_ARC = YES;
				CLANG_ENABLE_OBJC_WEAK = YES;
				CLANG_WARN_BLOCK_CAPTURE_AUTORELEASING = YES;
				CLANG_WARN_BOOL_CONVERSION = YES;
				CLANG_WARN_COMMA = YES;
				CLANG_WARN_CONSTANT_CONVERSION = YES;
				CLANG_WARN_DEPRECATED_OBJC_IMPLEMENTATIONS = YES;
				CLANG_WARN_DIRECT_OBJC_ISA_USAGE = YES_ERROR;
				CLANG_WARN_DOCUMENTATION_COMMENTS = YES;
				CLANG_WARN_EMPTY_BODY = YES;
				CLANG_WARN_ENUM_CONVERSION = YES;
				CLANG_WARN_INFINITE_RECURSION = YES;
				CLANG_WARN_INT_CONVERSION = YES;
				CLANG_WARN_NON_LITERAL_NULL_CONVERSION = YES;
				CLANG_WARN_OBJC_IMPLICIT_RETAIN_SELF = YES;
				CLANG_WARN_OBJC_LITERAL_CONVERSION = YES;
				CLANG_WARN_OBJC_ROOT_CLASS = YES_ERROR;
				CLANG_WARN_QUOTED_INCLUDE_IN_FRAMEWORK_HEADER = YES;
				CLANG_WARN_RANGE_LOOP_ANALYSIS = YES;
				CLANG_WARN_STRICT_PROTOTYPES = YES;
				CLANG_WARN_SUSPICIOUS_MOVE = YES;
				CLANG_WARN_UNGUARDED_AVAILABILITY = YES_AGGRESSIVE;
				CLANG_WARN_UNREACHABLE_CODE = YES;
				CLANG_WARN__DUPLICATE_METHOD_MATCH = YES;
				COPY_PHASE_STRIP = NO;
				DEBUG_INFORMATION_FORMAT = "dwarf-with-dsym";
				ENABLE_NS_ASSERTIONS = NO;
				ENABLE_STRICT_OBJC_MSGSEND = YES;
				ENABLE_USER_SCRIPT_SANDBOXING = YES;
				GCC_C_LANGUAGE_STANDARD = gnu17;
				GCC_NO_COMMON_BLOCKS = YES;
				GCC_WARN_64_TO_32_BIT_CONVERSION = YES;
				GCC_WARN_ABOUT_RETURN_TYPE = YES_ERROR;
				GCC_WARN_UNDECLARED_SELECTOR = YES;
				GCC_WARN_UNINITIALIZED_AUTOS = YES_AGGRESSIVE;
				GCC_WARN_UNUSED_FUNCTION = YES;
				GCC_WARN_UNUSED_VARIABLE = YES;
				IPHONEOS_DEPLOYMENT_TARGET = 17.0;
				LOCALIZATION_PREFERS_STRING_CATALOGS = YES;
				MTL_ENABLE_DEBUG_INFO = NO;
				MTL_FAST_MATH = YES;
				SDKROOT = iphoneos;
				SWIFT_COMPILATION_MODE = wholemodule;
				VALIDATE_PRODUCT = YES;
			};
			name = Release;
		};
		F14CA4BA2A395CAB00F5CFB1 /* Debug */ = {
			isa = XCBuildConfiguration;
			buildSettings = {
				ASSETCATALOG_COMPILER_APPICON_NAME = AppIcon;
				ASSETCATALOG_COMPILER_GLOBAL_ACCENT_COLOR_NAME = AccentColor;
				CODE_SIGN_STYLE = Automatic;
				CURRENT_PROJECT_VERSION = 1;
				DEVELOPMENT_ASSET_PATHS = "\"SwiftDataSample/Preview Content\"";
				DEVELOPMENT_TEAM = R6USV66H63;
				ENABLE_PREVIEWS = YES;
				GENERATE_INFOPLIST_FILE = YES;
				INFOPLIST_KEY_UIApplicationSceneManifest_Generation = YES;
				INFOPLIST_KEY_UIApplicationSupportsIndirectInputEvents = YES;
				INFOPLIST_KEY_UILaunchScreen_Generation = YES;
				INFOPLIST_KEY_UISupportedInterfaceOrientations_iPad = "UIInterfaceOrientationPortrait UIInterfaceOrientationPortraitUpsideDown UIInterfaceOrientationLandscapeLeft UIInterfaceOrientationLandscapeRight";
				INFOPLIST_KEY_UISupportedInterfaceOrientations_iPhone = "UIInterfaceOrientationPortrait UIInterfaceOrientationLandscapeLeft UIInterfaceOrientationLandscapeRight";
				LD_RUNPATH_SEARCH_PATHS = (
					"$(inherited)",
					"@executable_path/Frameworks",
				);
				MARKETING_VERSION = 1.0;
				PRODUCT_BUNDLE_IDENTIFIER = com.shingohry.SwiftDataSample;
				PRODUCT_NAME = "$(TARGET_NAME)";
				SWIFT_EMIT_LOC_STRINGS = YES;
				SWIFT_VERSION = 5.0;
				TARGETED_DEVICE_FAMILY = "1,2";
			};
			name = Debug;
		};
		F14CA4BB2A395CAB00F5CFB1 /* Release */ = {
			isa = XCBuildConfiguration;
			buildSettings = {
				ASSETCATALOG_COMPILER_APPICON_NAME = AppIcon;
				ASSETCATALOG_COMPILER_GLOBAL_ACCENT_COLOR_NAME = AccentColor;
				CODE_SIGN_STYLE = Automatic;
				CURRENT_PROJECT_VERSION = 1;
				DEVELOPMENT_ASSET_PATHS = "\"SwiftDataSample/Preview Content\"";
				DEVELOPMENT_TEAM = R6USV66H63;
				ENABLE_PREVIEWS = YES;
				GENERATE_INFOPLIST_FILE = YES;
				INFOPLIST_KEY_UIApplicationSceneManifest_Generation = YES;
				INFOPLIST_KEY_UIApplicationSupportsIndirectInputEvents = YES;
				INFOPLIST_KEY_UILaunchScreen_Generation = YES;
				INFOPLIST_KEY_UISupportedInterfaceOrientations_iPad = "UIInterfaceOrientationPortrait UIInterfaceOrientationPortraitUpsideDown UIInterfaceOrientationLandscapeLeft UIInterfaceOrientationLandscapeRight";
				INFOPLIST_KEY_UISupportedInterfaceOrientations_iPhone = "UIInterfaceOrientationPortrait UIInterfaceOrientationLandscapeLeft UIInterfaceOrientationLandscapeRight";
				LD_RUNPATH_SEARCH_PATHS = (
					"$(inherited)",
					"@executable_path/Frameworks",
				);
				MARKETING_VERSION = 1.0;
				PRODUCT_BUNDLE_IDENTIFIER = com.shingohry.SwiftDataSample;
				PRODUCT_NAME = "$(TARGET_NAME)";
				SWIFT_EMIT_LOC_STRINGS = YES;
				SWIFT_VERSION = 5.0;
				TARGETED_DEVICE_FAMILY = "1,2";
			};
			name = Release;
		};
/* End XCBuildConfiguration section */

/* Begin XCConfigurationList section */
		F14CA4A62A395CAA00F5CFB1 /* Build configuration list for PBXProject "SwiftDataSample" */ = {
			isa = XCConfigurationList;
			buildConfigurations = (
				F14CA4B72A395CAB00F5CFB1 /* Debug */,
				F14CA4B82A395CAB00F5CFB1 /* Release */,
			);
			defaultConfigurationIsVisible = 0;
			defaultConfigurationName = Release;
		};
		F14CA4B92A395CAB00F5CFB1 /* Build configuration list for PBXNativeTarget "SwiftDataSample" */ = {
			isa = XCConfigurationList;
			buildConfigurations = (
				F14CA4BA2A395CAB00F5CFB1 /* Debug */,
				F14CA4BB2A395CAB00F5CFB1 /* Release */,
			);
			defaultConfigurationIsVisible = 0;
			defaultConfigurationName = Release;
		};
/* End XCConfigurationList section */
	};
	rootObject = F14CA4A32A395CAA00F5CFB1 /* Project object */;
}
